// !$*UTF8*$!
{
	archiveVersion = 1;
	classes = {
	};
	objectVersion = 56;
	objects = {

/* Begin PBXBuildFile section */
		E21C266328C479780035FAF0 /* Carousel.swift in Sources */ = {isa = PBXBuildFile; fileRef = E21C266228C479780035FAF0 /* Carousel.swift */; };
		E21C266528C479F10035FAF0 /* LoadingHUD.swift in Sources */ = {isa = PBXBuildFile; fileRef = E21C266428C479F10035FAF0 /* LoadingHUD.swift */; };
		E263F4CF28AF6AA800B82A1D /* StripedList.swift in Sources */ = {isa = PBXBuildFile; fileRef = E263F4CE28AF6AA800B82A1D /* StripedList.swift */; };
		E263F4D428AF6EBF00B82A1D /* View+PartialSheet.swift in Sources */ = {isa = PBXBuildFile; fileRef = E263F4D328AF6EBF00B82A1D /* View+PartialSheet.swift */; };
		E263F4D628AF6F0400B82A1D /* BlurView.swift in Sources */ = {isa = PBXBuildFile; fileRef = E263F4D528AF6F0400B82A1D /* BlurView.swift */; };
		E2B55A6A289D9CD50096F796 /* SwiftUIGoodies.docc in Sources */ = {isa = PBXBuildFile; fileRef = E2B55A69289D9CD50096F796 /* SwiftUIGoodies.docc */; };
		E2B55A70289D9CD50096F796 /* SwiftUIGoodies.framework in Frameworks */ = {isa = PBXBuildFile; fileRef = E2B55A65289D9CD50096F796 /* SwiftUIGoodies.framework */; };
		E2B55A75289D9CD50096F796 /* SwiftUIGoodiesTests.swift in Sources */ = {isa = PBXBuildFile; fileRef = E2B55A74289D9CD50096F796 /* SwiftUIGoodiesTests.swift */; };
		E2B55A76289D9CD50096F796 /* SwiftUIGoodies.h in Headers */ = {isa = PBXBuildFile; fileRef = E2B55A68289D9CD50096F796 /* SwiftUIGoodies.h */; settings = {ATTRIBUTES = (Public, ); }; };
		E2B55A80289D9CF40096F796 /* View+Cardify.swift in Sources */ = {isa = PBXBuildFile; fileRef = E2B55A7F289D9CF40096F796 /* View+Cardify.swift */; };
		E2B55A82289D9D5A0096F796 /* View+AsymmetricPadding.swift in Sources */ = {isa = PBXBuildFile; fileRef = E2B55A81289D9D5A0096F796 /* View+AsymmetricPadding.swift */; };
		E2B55A89289D9F8A0096F796 /* SwiftUI.framework in Frameworks */ = {isa = PBXBuildFile; fileRef = E2B55A87289D9EE50096F796 /* SwiftUI.framework */; };
		E2B55A8A289D9F8A0096F796 /* SwiftUI.framework in Embed Frameworks */ = {isa = PBXBuildFile; fileRef = E2B55A87289D9EE50096F796 /* SwiftUI.framework */; settings = {ATTRIBUTES = (RemoveHeadersOnCopy, ); }; };
		E2BB76A728AE89A000F9FB75 /* SectionHeaderView.swift in Sources */ = {isa = PBXBuildFile; fileRef = E2BB76A628AE89A000F9FB75 /* SectionHeaderView.swift */; };
		E2BB76A928AE89C000F9FB75 /* MultiLayerIcon.swift in Sources */ = {isa = PBXBuildFile; fileRef = E2BB76A828AE89C000F9FB75 /* MultiLayerIcon.swift */; };
		E2BF4640289FB68D00CA99D9 /* View+Spaced.swift in Sources */ = {isa = PBXBuildFile; fileRef = E2BF463F289FB68D00CA99D9 /* View+Spaced.swift */; };
		E2BF465D28A286F100CA99D9 /* Color.swift in Sources */ = {isa = PBXBuildFile; fileRef = E2BF465C28A286F100CA99D9 /* Color.swift */; };
		E2BF466628A3F92800CA99D9 /* ResizableScannerView.swift in Sources */ = {isa = PBXBuildFile; fileRef = E2BF466028A3F92600CA99D9 /* ResizableScannerView.swift */; };
		E2BF466728A3F92800CA99D9 /* ScanResult.swift in Sources */ = {isa = PBXBuildFile; fileRef = E2BF466328A3F92800CA99D9 /* ScanResult.swift */; };
		E2BF466828A3F92800CA99D9 /* ScannerViewController.swift in Sources */ = {isa = PBXBuildFile; fileRef = E2BF466428A3F92800CA99D9 /* ScannerViewController.swift */; };
		E2BF466928A3F92800CA99D9 /* HapticFeedback.swift in Sources */ = {isa = PBXBuildFile; fileRef = E2BF465F28A3F92600CA99D9 /* HapticFeedback.swift */; };
		E2BF466A28A3F92800CA99D9 /* ScanError.swift in Sources */ = {isa = PBXBuildFile; fileRef = E2BF466228A3F92700CA99D9 /* ScanError.swift */; };
		E2BF466B28A3F92800CA99D9 /* ScannerCoordinator.swift in Sources */ = {isa = PBXBuildFile; fileRef = E2BF466128A3F92700CA99D9 /* ScannerCoordinator.swift */; };
		E2BF466C28A3F92800CA99D9 /* CodeScannerView.swift in Sources */ = {isa = PBXBuildFile; fileRef = E2BF466528A3F92800CA99D9 /* CodeScannerView.swift */; };
		E2BF466F28A4017200CA99D9 /* QRCodeGenerator.swift in Sources */ = {isa = PBXBuildFile; fileRef = E2BF466E28A4017200CA99D9 /* QRCodeGenerator.swift */; };
/* End PBXBuildFile section */

/* Begin PBXContainerItemProxy section */
		E2B55A71289D9CD50096F796 /* PBXContainerItemProxy */ = {
			isa = PBXContainerItemProxy;
			containerPortal = E2B55A5C289D9CD50096F796 /* Project object */;
			proxyType = 1;
			remoteGlobalIDString = E2B55A64289D9CD50096F796;
			remoteInfo = SwiftUIGoodies;
		};
/* End PBXContainerItemProxy section */

/* Begin PBXCopyFilesBuildPhase section */
		E2B55A8B289D9F8A0096F796 /* Embed Frameworks */ = {
			isa = PBXCopyFilesBuildPhase;
			buildActionMask = 2147483647;
			dstPath = "";
			dstSubfolderSpec = 10;
			files = (
				E2B55A8A289D9F8A0096F796 /* SwiftUI.framework in Embed Frameworks */,
			);
			name = "Embed Frameworks";
			runOnlyForDeploymentPostprocessing = 0;
		};
/* End PBXCopyFilesBuildPhase section */

/* Begin PBXFileReference section */
		E21C266228C479780035FAF0 /* Carousel.swift */ = {isa = PBXFileReference; lastKnownFileType = sourcecode.swift; path = Carousel.swift; sourceTree = "<group>"; };
		E21C266428C479F10035FAF0 /* LoadingHUD.swift */ = {isa = PBXFileReference; lastKnownFileType = sourcecode.swift; path = LoadingHUD.swift; sourceTree = "<group>"; };
		E263F4CE28AF6AA800B82A1D /* StripedList.swift */ = {isa = PBXFileReference; lastKnownFileType = sourcecode.swift; path = StripedList.swift; sourceTree = "<group>"; };
		E263F4D328AF6EBF00B82A1D /* View+PartialSheet.swift */ = {isa = PBXFileReference; lastKnownFileType = sourcecode.swift; path = "View+PartialSheet.swift"; sourceTree = "<group>"; };
		E263F4D528AF6F0400B82A1D /* BlurView.swift */ = {isa = PBXFileReference; lastKnownFileType = sourcecode.swift; path = BlurView.swift; sourceTree = "<group>"; };
		E2B55A65289D9CD50096F796 /* SwiftUIGoodies.framework */ = {isa = PBXFileReference; explicitFileType = wrapper.framework; includeInIndex = 0; path = SwiftUIGoodies.framework; sourceTree = BUILT_PRODUCTS_DIR; };
		E2B55A68289D9CD50096F796 /* SwiftUIGoodies.h */ = {isa = PBXFileReference; lastKnownFileType = sourcecode.c.h; path = SwiftUIGoodies.h; sourceTree = "<group>"; };
		E2B55A69289D9CD50096F796 /* SwiftUIGoodies.docc */ = {isa = PBXFileReference; lastKnownFileType = folder.documentationcatalog; path = SwiftUIGoodies.docc; sourceTree = "<group>"; };
		E2B55A6F289D9CD50096F796 /* SwiftUIGoodiesTests.xctest */ = {isa = PBXFileReference; explicitFileType = wrapper.cfbundle; includeInIndex = 0; path = SwiftUIGoodiesTests.xctest; sourceTree = BUILT_PRODUCTS_DIR; };
		E2B55A74289D9CD50096F796 /* SwiftUIGoodiesTests.swift */ = {isa = PBXFileReference; lastKnownFileType = sourcecode.swift; path = SwiftUIGoodiesTests.swift; sourceTree = "<group>"; };
		E2B55A7F289D9CF40096F796 /* View+Cardify.swift */ = {isa = PBXFileReference; lastKnownFileType = sourcecode.swift; path = "View+Cardify.swift"; sourceTree = "<group>"; };
		E2B55A81289D9D5A0096F796 /* View+AsymmetricPadding.swift */ = {isa = PBXFileReference; lastKnownFileType = sourcecode.swift; path = "View+AsymmetricPadding.swift"; sourceTree = "<group>"; };
		E2B55A87289D9EE50096F796 /* SwiftUI.framework */ = {isa = PBXFileReference; lastKnownFileType = wrapper.framework; name = SwiftUI.framework; path = Platforms/iPhoneOS.platform/Developer/SDKs/iPhoneOS16.0.sdk/System/Library/Frameworks/SwiftUI.framework; sourceTree = DEVELOPER_DIR; };
		E2BB76A628AE89A000F9FB75 /* SectionHeaderView.swift */ = {isa = PBXFileReference; lastKnownFileType = sourcecode.swift; path = SectionHeaderView.swift; sourceTree = "<group>"; };
		E2BB76A828AE89C000F9FB75 /* MultiLayerIcon.swift */ = {isa = PBXFileReference; lastKnownFileType = sourcecode.swift; path = MultiLayerIcon.swift; sourceTree = "<group>"; };
		E2BF463F289FB68D00CA99D9 /* View+Spaced.swift */ = {isa = PBXFileReference; lastKnownFileType = sourcecode.swift; path = "View+Spaced.swift"; sourceTree = "<group>"; };
		E2BF465C28A286F100CA99D9 /* Color.swift */ = {isa = PBXFileReference; lastKnownFileType = sourcecode.swift; path = Color.swift; sourceTree = "<group>"; };
		E2BF465F28A3F92600CA99D9 /* HapticFeedback.swift */ = {isa = PBXFileReference; lastKnownFileType = sourcecode.swift; path = HapticFeedback.swift; sourceTree = "<group>"; };
		E2BF466028A3F92600CA99D9 /* ResizableScannerView.swift */ = {isa = PBXFileReference; lastKnownFileType = sourcecode.swift; path = ResizableScannerView.swift; sourceTree = "<group>"; };
		E2BF466128A3F92700CA99D9 /* ScannerCoordinator.swift */ = {isa = PBXFileReference; lastKnownFileType = sourcecode.swift; path = ScannerCoordinator.swift; sourceTree = "<group>"; };
		E2BF466228A3F92700CA99D9 /* ScanError.swift */ = {isa = PBXFileReference; lastKnownFileType = sourcecode.swift; path = ScanError.swift; sourceTree = "<group>"; };
		E2BF466328A3F92800CA99D9 /* ScanResult.swift */ = {isa = PBXFileReference; lastKnownFileType = sourcecode.swift; path = ScanResult.swift; sourceTree = "<group>"; };
		E2BF466428A3F92800CA99D9 /* ScannerViewController.swift */ = {isa = PBXFileReference; lastKnownFileType = sourcecode.swift; path = ScannerViewController.swift; sourceTree = "<group>"; };
		E2BF466528A3F92800CA99D9 /* CodeScannerView.swift */ = {isa = PBXFileReference; lastKnownFileType = sourcecode.swift; path = CodeScannerView.swift; sourceTree = "<group>"; };
		E2BF466E28A4017200CA99D9 /* QRCodeGenerator.swift */ = {isa = PBXFileReference; lastKnownFileType = sourcecode.swift; path = QRCodeGenerator.swift; sourceTree = "<group>"; };
/* End PBXFileReference section */

/* Begin PBXFrameworksBuildPhase section */
		E2B55A62289D9CD50096F796 /* Frameworks */ = {
			isa = PBXFrameworksBuildPhase;
			buildActionMask = 2147483647;
			files = (
				E2B55A89289D9F8A0096F796 /* SwiftUI.framework in Frameworks */,
			);
			runOnlyForDeploymentPostprocessing = 0;
		};
		E2B55A6C289D9CD50096F796 /* Frameworks */ = {
			isa = PBXFrameworksBuildPhase;
			buildActionMask = 2147483647;
			files = (
				E2B55A70289D9CD50096F796 /* SwiftUIGoodies.framework in Frameworks */,
			);
			runOnlyForDeploymentPostprocessing = 0;
		};
/* End PBXFrameworksBuildPhase section */

/* Begin PBXGroup section */
		E2B55A5B289D9CD50096F796 = {
			isa = PBXGroup;
			children = (
				E2B55A67289D9CD50096F796 /* SwiftUIGoodies */,
				E2B55A73289D9CD50096F796 /* SwiftUIGoodiesTests */,
				E2B55A66289D9CD50096F796 /* Products */,
				E2B55A86289D9EE50096F796 /* Frameworks */,
			);
			sourceTree = "<group>";
		};
		E2B55A66289D9CD50096F796 /* Products */ = {
			isa = PBXGroup;
			children = (
				E2B55A65289D9CD50096F796 /* SwiftUIGoodies.framework */,
				E2B55A6F289D9CD50096F796 /* SwiftUIGoodiesTests.xctest */,
			);
			name = Products;
			sourceTree = "<group>";
		};
		E2B55A67289D9CD50096F796 /* SwiftUIGoodies */ = {
			isa = PBXGroup;
			children = (
				E2B55A68289D9CD50096F796 /* SwiftUIGoodies.h */,
				E2B55A7F289D9CF40096F796 /* View+Cardify.swift */,
				E2BF465C28A286F100CA99D9 /* Color.swift */,
				E263F4D328AF6EBF00B82A1D /* View+PartialSheet.swift */,
				E263F4D528AF6F0400B82A1D /* BlurView.swift */,
				E2BF463F289FB68D00CA99D9 /* View+Spaced.swift */,
				E263F4CE28AF6AA800B82A1D /* StripedList.swift */,
				E21C266228C479780035FAF0 /* Carousel.swift */,
				E21C266428C479F10035FAF0 /* LoadingHUD.swift */,
				E2BF465E28A3F92600CA99D9 /* Scanning */,
				E2B55A81289D9D5A0096F796 /* View+AsymmetricPadding.swift */,
				E2BB76A628AE89A000F9FB75 /* SectionHeaderView.swift */,
				E2BB76A828AE89C000F9FB75 /* MultiLayerIcon.swift */,
				E2B55A69289D9CD50096F796 /* SwiftUIGoodies.docc */,
			);
			path = SwiftUIGoodies;
			sourceTree = "<group>";
		};
		E2B55A73289D9CD50096F796 /* SwiftUIGoodiesTests */ = {
			isa = PBXGroup;
			children = (
				E2B55A74289D9CD50096F796 /* SwiftUIGoodiesTests.swift */,
			);
			path = SwiftUIGoodiesTests;
			sourceTree = "<group>";
		};
		E2B55A86289D9EE50096F796 /* Frameworks */ = {
			isa = PBXGroup;
			children = (
				E2B55A87289D9EE50096F796 /* SwiftUI.framework */,
			);
			name = Frameworks;
			sourceTree = "<group>";
		};
		E2BF465E28A3F92600CA99D9 /* Scanning */ = {
			isa = PBXGroup;
			children = (
				E2BF466528A3F92800CA99D9 /* CodeScannerView.swift */,
				E2BF466028A3F92600CA99D9 /* ResizableScannerView.swift */,
				E2BF466E28A4017200CA99D9 /* QRCodeGenerator.swift */,
				E2BF466428A3F92800CA99D9 /* ScannerViewController.swift */,
				E2BF466128A3F92700CA99D9 /* ScannerCoordinator.swift */,
				E2BF466228A3F92700CA99D9 /* ScanError.swift */,
				E2BF466328A3F92800CA99D9 /* ScanResult.swift */,
				E2BF465F28A3F92600CA99D9 /* HapticFeedback.swift */,
			);
			path = Scanning;
			sourceTree = "<group>";
		};
/* End PBXGroup section */

/* Begin PBXHeadersBuildPhase section */
		E2B55A60289D9CD50096F796 /* Headers */ = {
			isa = PBXHeadersBuildPhase;
			buildActionMask = 2147483647;
			files = (
				E2B55A76289D9CD50096F796 /* SwiftUIGoodies.h in Headers */,
			);
			runOnlyForDeploymentPostprocessing = 0;
		};
/* End PBXHeadersBuildPhase section */

/* Begin PBXNativeTarget section */
		E2B55A64289D9CD50096F796 /* SwiftUIGoodies */ = {
			isa = PBXNativeTarget;
			buildConfigurationList = E2B55A79289D9CD50096F796 /* Build configuration list for PBXNativeTarget "SwiftUIGoodies" */;
			buildPhases = (
				E2B55A60289D9CD50096F796 /* Headers */,
				E2B55A61289D9CD50096F796 /* Sources */,
				E2B55A62289D9CD50096F796 /* Frameworks */,
				E2B55A63289D9CD50096F796 /* Resources */,
				E2B55A8B289D9F8A0096F796 /* Embed Frameworks */,
			);
			buildRules = (
			);
			dependencies = (
			);
			name = SwiftUIGoodies;
			productName = SwiftUIGoodies;
			productReference = E2B55A65289D9CD50096F796 /* SwiftUIGoodies.framework */;
			productType = "com.apple.product-type.framework";
		};
		E2B55A6E289D9CD50096F796 /* SwiftUIGoodiesTests */ = {
			isa = PBXNativeTarget;
			buildConfigurationList = E2B55A7C289D9CD50096F796 /* Build configuration list for PBXNativeTarget "SwiftUIGoodiesTests" */;
			buildPhases = (
				E2B55A6B289D9CD50096F796 /* Sources */,
				E2B55A6C289D9CD50096F796 /* Frameworks */,
				E2B55A6D289D9CD50096F796 /* Resources */,
			);
			buildRules = (
			);
			dependencies = (
				E2B55A72289D9CD50096F796 /* PBXTargetDependency */,
			);
			name = SwiftUIGoodiesTests;
			productName = SwiftUIGoodiesTests;
			productReference = E2B55A6F289D9CD50096F796 /* SwiftUIGoodiesTests.xctest */;
			productType = "com.apple.product-type.bundle.unit-test";
		};
/* End PBXNativeTarget section */

/* Begin PBXProject section */
		E2B55A5C289D9CD50096F796 /* Project object */ = {
			isa = PBXProject;
			attributes = {
				BuildIndependentTargetsInParallel = 1;
				LastSwiftUpdateCheck = 1400;
				LastUpgradeCheck = 1400;
				TargetAttributes = {
					E2B55A64289D9CD50096F796 = {
						CreatedOnToolsVersion = 14.0;
					};
					E2B55A6E289D9CD50096F796 = {
						CreatedOnToolsVersion = 14.0;
					};
				};
			};
			buildConfigurationList = E2B55A5F289D9CD50096F796 /* Build configuration list for PBXProject "SwiftUIGoodies" */;
			compatibilityVersion = "Xcode 14.0";
			developmentRegion = en;
			hasScannedForEncodings = 0;
			knownRegions = (
				en,
				Base,
			);
			mainGroup = E2B55A5B289D9CD50096F796;
			productRefGroup = E2B55A66289D9CD50096F796 /* Products */;
			projectDirPath = "";
			projectRoot = "";
			targets = (
				E2B55A64289D9CD50096F796 /* SwiftUIGoodies */,
				E2B55A6E289D9CD50096F796 /* SwiftUIGoodiesTests */,
			);
		};
/* End PBXProject section */

/* Begin PBXResourcesBuildPhase section */
		E2B55A63289D9CD50096F796 /* Resources */ = {
			isa = PBXResourcesBuildPhase;
			buildActionMask = 2147483647;
			files = (
			);
			runOnlyForDeploymentPostprocessing = 0;
		};
		E2B55A6D289D9CD50096F796 /* Resources */ = {
			isa = PBXResourcesBuildPhase;
			buildActionMask = 2147483647;
			files = (
			);
			runOnlyForDeploymentPostprocessing = 0;
		};
/* End PBXResourcesBuildPhase section */

/* Begin PBXSourcesBuildPhase section */
		E2B55A61289D9CD50096F796 /* Sources */ = {
			isa = PBXSourcesBuildPhase;
			buildActionMask = 2147483647;
			files = (
				E2B55A6A289D9CD50096F796 /* SwiftUIGoodies.docc in Sources */,
				E2B55A82289D9D5A0096F796 /* View+AsymmetricPadding.swift in Sources */,
				E2BF4640289FB68D00CA99D9 /* View+Spaced.swift in Sources */,
				E263F4CF28AF6AA800B82A1D /* StripedList.swift in Sources */,
				E263F4D428AF6EBF00B82A1D /* View+PartialSheet.swift in Sources */,
				E263F4D628AF6F0400B82A1D /* BlurView.swift in Sources */,
				E2BF466728A3F92800CA99D9 /* ScanResult.swift in Sources */,
				E2BB76A928AE89C000F9FB75 /* MultiLayerIcon.swift in Sources */,
				E2BF466C28A3F92800CA99D9 /* CodeScannerView.swift in Sources */,
				E2BF466B28A3F92800CA99D9 /* ScannerCoordinator.swift in Sources */,
				E2BF466628A3F92800CA99D9 /* ResizableScannerView.swift in Sources */,
				E2BF466928A3F92800CA99D9 /* HapticFeedback.swift in Sources */,
				E2BF465D28A286F100CA99D9 /* Color.swift in Sources */,
				E2B55A80289D9CF40096F796 /* View+Cardify.swift in Sources */,
				E21C266528C479F10035FAF0 /* LoadingHUD.swift in Sources */,
				E2BF466828A3F92800CA99D9 /* ScannerViewController.swift in Sources */,
				E2BB76A728AE89A000F9FB75 /* SectionHeaderView.swift in Sources */,
				E2BF466F28A4017200CA99D9 /* QRCodeGenerator.swift in Sources */,
				E21C266328C479780035FAF0 /* Carousel.swift in Sources */,
				E2BF466A28A3F92800CA99D9 /* ScanError.swift in Sources */,
			);
			runOnlyForDeploymentPostprocessing = 0;
		};
		E2B55A6B289D9CD50096F796 /* Sources */ = {
			isa = PBXSourcesBuildPhase;
			buildActionMask = 2147483647;
			files = (
				E2B55A75289D9CD50096F796 /* SwiftUIGoodiesTests.swift in Sources */,
			);
			runOnlyForDeploymentPostprocessing = 0;
		};
/* End PBXSourcesBuildPhase section */

/* Begin PBXTargetDependency section */
		E2B55A72289D9CD50096F796 /* PBXTargetDependency */ = {
			isa = PBXTargetDependency;
			target = E2B55A64289D9CD50096F796 /* SwiftUIGoodies */;
			targetProxy = E2B55A71289D9CD50096F796 /* PBXContainerItemProxy */;
		};
/* End PBXTargetDependency section */

/* Begin XCBuildConfiguration section */
		E2B55A77289D9CD50096F796 /* Debug */ = {
			isa = XCBuildConfiguration;
			buildSettings = {
				ALWAYS_SEARCH_USER_PATHS = NO;
				CLANG_ANALYZER_NONNULL = YES;
				CLANG_ANALYZER_NUMBER_OBJECT_CONVERSION = YES_AGGRESSIVE;
				CLANG_CXX_LANGUAGE_STANDARD = "gnu++20";
				CLANG_ENABLE_MODULES = YES;
				CLANG_ENABLE_OBJC_ARC = YES;
				CLANG_ENABLE_OBJC_WEAK = YES;
				CLANG_WARN_BLOCK_CAPTURE_AUTORELEASING = YES;
				CLANG_WARN_BOOL_CONVERSION = YES;
				CLANG_WARN_COMMA = YES;
				CLANG_WARN_CONSTANT_CONVERSION = YES;
				CLANG_WARN_DEPRECATED_OBJC_IMPLEMENTATIONS = YES;
				CLANG_WARN_DIRECT_OBJC_ISA_USAGE = YES_ERROR;
				CLANG_WARN_DOCUMENTATION_COMMENTS = YES;
				CLANG_WARN_EMPTY_BODY = YES;
				CLANG_WARN_ENUM_CONVERSION = YES;
				CLANG_WARN_INFINITE_RECURSION = YES;
				CLANG_WARN_INT_CONVERSION = YES;
				CLANG_WARN_NON_LITERAL_NULL_CONVERSION = YES;
				CLANG_WARN_OBJC_IMPLICIT_RETAIN_SELF = YES;
				CLANG_WARN_OBJC_LITERAL_CONVERSION = YES;
				CLANG_WARN_OBJC_ROOT_CLASS = YES_ERROR;
				CLANG_WARN_QUOTED_INCLUDE_IN_FRAMEWORK_HEADER = YES;
				CLANG_WARN_RANGE_LOOP_ANALYSIS = YES;
				CLANG_WARN_STRICT_PROTOTYPES = YES;
				CLANG_WARN_SUSPICIOUS_MOVE = YES;
				CLANG_WARN_UNGUARDED_AVAILABILITY = YES_AGGRESSIVE;
				CLANG_WARN_UNREACHABLE_CODE = YES;
				CLANG_WARN__DUPLICATE_METHOD_MATCH = YES;
				COPY_PHASE_STRIP = NO;
				CURRENT_PROJECT_VERSION = 1;
				DEBUG_INFORMATION_FORMAT = dwarf;
				ENABLE_STRICT_OBJC_MSGSEND = YES;
				ENABLE_TESTABILITY = YES;
				GCC_C_LANGUAGE_STANDARD = gnu11;
				GCC_DYNAMIC_NO_PIC = NO;
				GCC_NO_COMMON_BLOCKS = YES;
				GCC_OPTIMIZATION_LEVEL = 0;
				GCC_PREPROCESSOR_DEFINITIONS = (
					"DEBUG=1",
					"$(inherited)",
				);
				GCC_WARN_64_TO_32_BIT_CONVERSION = YES;
				GCC_WARN_ABOUT_RETURN_TYPE = YES_ERROR;
				GCC_WARN_UNDECLARED_SELECTOR = YES;
				GCC_WARN_UNINITIALIZED_AUTOS = YES_AGGRESSIVE;
				GCC_WARN_UNUSED_FUNCTION = YES;
				GCC_WARN_UNUSED_VARIABLE = YES;
				IPHONEOS_DEPLOYMENT_TARGET = 15.0;
				MACOSX_DEPLOYMENT_TARGET = 12.0;
				MTL_ENABLE_DEBUG_INFO = INCLUDE_SOURCE;
				MTL_FAST_MATH = YES;
				ONLY_ACTIVE_ARCH = YES;
				SWIFT_ACTIVE_COMPILATION_CONDITIONS = DEBUG;
				SWIFT_OPTIMIZATION_LEVEL = "-Onone";
				VERSIONING_SYSTEM = "apple-generic";
				VERSION_INFO_PREFIX = "";
			};
			name = Debug;
		};
		E2B55A78289D9CD50096F796 /* Release */ = {
			isa = XCBuildConfiguration;
			buildSettings = {
				ALWAYS_SEARCH_USER_PATHS = NO;
				CLANG_ANALYZER_NONNULL = YES;
				CLANG_ANALYZER_NUMBER_OBJECT_CONVERSION = YES_AGGRESSIVE;
				CLANG_CXX_LANGUAGE_STANDARD = "gnu++20";
				CLANG_ENABLE_MODULES = YES;
				CLANG_ENABLE_OBJC_ARC = YES;
				CLANG_ENABLE_OBJC_WEAK = YES;
				CLANG_WARN_BLOCK_CAPTURE_AUTORELEASING = YES;
				CLANG_WARN_BOOL_CONVERSION = YES;
				CLANG_WARN_COMMA = YES;
				CLANG_WARN_CONSTANT_CONVERSION = YES;
				CLANG_WARN_DEPRECATED_OBJC_IMPLEMENTATIONS = YES;
				CLANG_WARN_DIRECT_OBJC_ISA_USAGE = YES_ERROR;
				CLANG_WARN_DOCUMENTATION_COMMENTS = YES;
				CLANG_WARN_EMPTY_BODY = YES;
				CLANG_WARN_ENUM_CONVERSION = YES;
				CLANG_WARN_INFINITE_RECURSION = YES;
				CLANG_WARN_INT_CONVERSION = YES;
				CLANG_WARN_NON_LITERAL_NULL_CONVERSION = YES;
				CLANG_WARN_OBJC_IMPLICIT_RETAIN_SELF = YES;
				CLANG_WARN_OBJC_LITERAL_CONVERSION = YES;
				CLANG_WARN_OBJC_ROOT_CLASS = YES_ERROR;
				CLANG_WARN_QUOTED_INCLUDE_IN_FRAMEWORK_HEADER = YES;
				CLANG_WARN_RANGE_LOOP_ANALYSIS = YES;
				CLANG_WARN_STRICT_PROTOTYPES = YES;
				CLANG_WARN_SUSPICIOUS_MOVE = YES;
				CLANG_WARN_UNGUARDED_AVAILABILITY = YES_AGGRESSIVE;
				CLANG_WARN_UNREACHABLE_CODE = YES;
				CLANG_WARN__DUPLICATE_METHOD_MATCH = YES;
				COPY_PHASE_STRIP = NO;
				CURRENT_PROJECT_VERSION = 1;
				DEBUG_INFORMATION_FORMAT = "dwarf-with-dsym";
				ENABLE_NS_ASSERTIONS = NO;
				ENABLE_STRICT_OBJC_MSGSEND = YES;
				GCC_C_LANGUAGE_STANDARD = gnu11;
				GCC_NO_COMMON_BLOCKS = YES;
				GCC_WARN_64_TO_32_BIT_CONVERSION = YES;
				GCC_WARN_ABOUT_RETURN_TYPE = YES_ERROR;
				GCC_WARN_UNDECLARED_SELECTOR = YES;
				GCC_WARN_UNINITIALIZED_AUTOS = YES_AGGRESSIVE;
				GCC_WARN_UNUSED_FUNCTION = YES;
				GCC_WARN_UNUSED_VARIABLE = YES;
				IPHONEOS_DEPLOYMENT_TARGET = 15.0;
				MACOSX_DEPLOYMENT_TARGET = 12.0;
				MTL_ENABLE_DEBUG_INFO = NO;
				MTL_FAST_MATH = YES;
				SWIFT_COMPILATION_MODE = wholemodule;
				SWIFT_OPTIMIZATION_LEVEL = "-O";
				VERSIONING_SYSTEM = "apple-generic";
				VERSION_INFO_PREFIX = "";
			};
			name = Release;
		};
		E2B55A7A289D9CD50096F796 /* Debug */ = {
			isa = XCBuildConfiguration;
			buildSettings = {
				CODE_SIGN_STYLE = Automatic;
				CURRENT_PROJECT_VERSION = 1;
				DEFINES_MODULE = YES;
				DEVELOPMENT_TEAM = TW4MPRU9AN;
				DYLIB_COMPATIBILITY_VERSION = 1;
				DYLIB_CURRENT_VERSION = 1;
				DYLIB_INSTALL_NAME_BASE = "@rpath";
				GENERATE_INFOPLIST_FILE = YES;
				INFOPLIST_KEY_NSHumanReadableCopyright = "";
				INSTALL_PATH = "$(LOCAL_LIBRARY_DIR)/Frameworks";
				IPHONEOS_DEPLOYMENT_TARGET = 15.0;
				LD_RUNPATH_SEARCH_PATHS = (
					"@executable_path/Frameworks",
					"@loader_path/Frameworks",
				);
				"LD_RUNPATH_SEARCH_PATHS[sdk=macosx*]" = (
					"@executable_path/../Frameworks",
					"@loader_path/Frameworks",
				);
				MACOSX_DEPLOYMENT_TARGET = 12.0;
				MARKETING_VERSION = 1.0;
				PRODUCT_BUNDLE_IDENTIFIER = com.mgua.SwiftUIGoodies;
				PRODUCT_NAME = "$(TARGET_NAME:c99extidentifier)";
				SDKROOT = auto;
				SKIP_INSTALL = YES;
				SUPPORTED_PLATFORMS = "iphoneos iphonesimulator macosx";
				SWIFT_EMIT_LOC_STRINGS = YES;
				SWIFT_VERSION = 5.0;
				TARGETED_DEVICE_FAMILY = "1,2";
			};
			name = Debug;
		};
		E2B55A7B289D9CD50096F796 /* Release */ = {
			isa = XCBuildConfiguration;
			buildSettings = {
				CODE_SIGN_STYLE = Automatic;
				CURRENT_PROJECT_VERSION = 1;
				DEFINES_MODULE = YES;
				DEVELOPMENT_TEAM = TW4MPRU9AN;
				DYLIB_COMPATIBILITY_VERSION = 1;
				DYLIB_CURRENT_VERSION = 1;
				DYLIB_INSTALL_NAME_BASE = "@rpath";
				GENERATE_INFOPLIST_FILE = YES;
				INFOPLIST_KEY_NSHumanReadableCopyright = "";
				INSTALL_PATH = "$(LOCAL_LIBRARY_DIR)/Frameworks";
				IPHONEOS_DEPLOYMENT_TARGET = 15.0;
				LD_RUNPATH_SEARCH_PATHS = (
					"@executable_path/Frameworks",
					"@loader_path/Frameworks",
				);
				"LD_RUNPATH_SEARCH_PATHS[sdk=macosx*]" = (
					"@executable_path/../Frameworks",
					"@loader_path/Frameworks",
				);
				MACOSX_DEPLOYMENT_TARGET = 12.0;
				MARKETING_VERSION = 1.0;
				PRODUCT_BUNDLE_IDENTIFIER = com.mgua.SwiftUIGoodies;
				PRODUCT_NAME = "$(TARGET_NAME:c99extidentifier)";
				SDKROOT = auto;
				SKIP_INSTALL = YES;
				SUPPORTED_PLATFORMS = "iphoneos iphonesimulator macosx";
				SWIFT_EMIT_LOC_STRINGS = YES;
				SWIFT_VERSION = 5.0;
				TARGETED_DEVICE_FAMILY = "1,2";
			};
			name = Release;
		};
		E2B55A7D289D9CD50096F796 /* Debug */ = {
			isa = XCBuildConfiguration;
			buildSettings = {
				ALWAYS_EMBED_SWIFT_STANDARD_LIBRARIES = YES;
				CODE_SIGN_STYLE = Automatic;
				CURRENT_PROJECT_VERSION = 1;
				DEVELOPMENT_TEAM = TW4MPRU9AN;
				GENERATE_INFOPLIST_FILE = YES;
				IPHONEOS_DEPLOYMENT_TARGET = 15.0;
				MACOSX_DEPLOYMENT_TARGET = 12.0;
				MARKETING_VERSION = 1.0;
				PRODUCT_BUNDLE_IDENTIFIER = com.mgua.SwiftUIGoodiesTests;
				PRODUCT_NAME = "$(TARGET_NAME)";
				SDKROOT = auto;
				SUPPORTED_PLATFORMS = "iphoneos iphonesimulator macosx";
				SWIFT_EMIT_LOC_STRINGS = NO;
				SWIFT_VERSION = 5.0;
				TARGETED_DEVICE_FAMILY = "1,2";
			};
			name = Debug;
		};
		E2B55A7E289D9CD50096F796 /* Release */ = {
			isa = XCBuildConfiguration;
			buildSettings = {
				ALWAYS_EMBED_SWIFT_STANDARD_LIBRARIES = YES;
				CODE_SIGN_STYLE = Automatic;
				CURRENT_PROJECT_VERSION = 1;
				DEVELOPMENT_TEAM = TW4MPRU9AN;
				GENERATE_INFOPLIST_FILE = YES;
				IPHONEOS_DEPLOYMENT_TARGET = 15.0;
				MACOSX_DEPLOYMENT_TARGET = 12.0;
				MARKETING_VERSION = 1.0;
				PRODUCT_BUNDLE_IDENTIFIER = com.mgua.SwiftUIGoodiesTests;
				PRODUCT_NAME = "$(TARGET_NAME)";
				SDKROOT = auto;
				SUPPORTED_PLATFORMS = "iphoneos iphonesimulator macosx";
				SWIFT_EMIT_LOC_STRINGS = NO;
				SWIFT_VERSION = 5.0;
				TARGETED_DEVICE_FAMILY = "1,2";
			};
			name = Release;
		};
/* End XCBuildConfiguration section */

/* Begin XCConfigurationList section */
		E2B55A5F289D9CD50096F796 /* Build configuration list for PBXProject "SwiftUIGoodies" */ = {
			isa = XCConfigurationList;
			buildConfigurations = (
				E2B55A77289D9CD50096F796 /* Debug */,
				E2B55A78289D9CD50096F796 /* Release */,
			);
			defaultConfigurationIsVisible = 0;
			defaultConfigurationName = Release;
		};
		E2B55A79289D9CD50096F796 /* Build configuration list for PBXNativeTarget "SwiftUIGoodies" */ = {
			isa = XCConfigurationList;
			buildConfigurations = (
				E2B55A7A289D9CD50096F796 /* Debug */,
				E2B55A7B289D9CD50096F796 /* Release */,
			);
			defaultConfigurationIsVisible = 0;
			defaultConfigurationName = Release;
		};
		E2B55A7C289D9CD50096F796 /* Build configuration list for PBXNativeTarget "SwiftUIGoodiesTests" */ = {
			isa = XCConfigurationList;
			buildConfigurations = (
				E2B55A7D289D9CD50096F796 /* Debug */,
				E2B55A7E289D9CD50096F796 /* Release */,
			);
			defaultConfigurationIsVisible = 0;
			defaultConfigurationName = Release;
		};
/* End XCConfigurationList section */
	};
	rootObject = E2B55A5C289D9CD50096F796 /* Project object */;
}
